// !$*UTF8*$!
{
	archiveVersion = 1;
	classes = {
	};
	objectVersion = 46;
	objects = {

/* Begin PBXBuildFile section */
		FC8B42DE1A2FC4620046214D /* HacScrape.swift in Sources */ = {isa = PBXBuildFile; fileRef = FC8B42DD1A2FC4620046214D /* HacScrape.swift */; };
		FCBA46CC1A62D66500BA8D58 /* Sparkle.framework in Frameworks */ = {isa = PBXBuildFile; fileRef = FCBA46C31A62D64C00BA8D58 /* Sparkle.framework */; };
		FCBA46D31A62D78C00BA8D58 /* dsa_pub.pem in Resources */ = {isa = PBXBuildFile; fileRef = FCBA46D21A62D78C00BA8D58 /* dsa_pub.pem */; };
		FCD6C97C1A2D7A6F007D5D8E /* AppDelegate.swift in Sources */ = {isa = PBXBuildFile; fileRef = FCD6C97B1A2D7A6F007D5D8E /* AppDelegate.swift */; };
		FCD6C97E1A2D7A6F007D5D8E /* Images.xcassets in Resources */ = {isa = PBXBuildFile; fileRef = FCD6C97D1A2D7A6F007D5D8E /* Images.xcassets */; };
		FCD6C9811A2D7A6F007D5D8E /* MainMenu.xib in Resources */ = {isa = PBXBuildFile; fileRef = FCD6C97F1A2D7A6F007D5D8E /* MainMenu.xib */; };
		FCD6C98D1A2D7A6F007D5D8E /* SHS_AppTests.swift in Sources */ = {isa = PBXBuildFile; fileRef = FCD6C98C1A2D7A6F007D5D8E /* SHS_AppTests.swift */; };
		FCFCD8EE1A32A0E300413E30 /* TFHpple.m in Sources */ = {isa = PBXBuildFile; fileRef = FCFCD8E91A32A0E300413E30 /* TFHpple.m */; };
		FCFCD8EF1A32A0E300413E30 /* TFHppleElement.m in Sources */ = {isa = PBXBuildFile; fileRef = FCFCD8EB1A32A0E300413E30 /* TFHppleElement.m */; };
		FCFCD8F01A32A0E300413E30 /* XPathQuery.m in Sources */ = {isa = PBXBuildFile; fileRef = FCFCD8ED1A32A0E300413E30 /* XPathQuery.m */; };
		FCFCD8F21A32E2A400413E30 /* libxml2.dylib in Frameworks */ = {isa = PBXBuildFile; fileRef = FCFCD8F11A32E2A400413E30 /* libxml2.dylib */; };
/* End PBXBuildFile section */

/* Begin PBXContainerItemProxy section */
		FCBA46C21A62D64C00BA8D58 /* PBXContainerItemProxy */ = {
			isa = PBXContainerItemProxy;
			containerPortal = FCBA46B71A62D64C00BA8D58 /* Sparkle.xcodeproj */;
			proxyType = 2;
			remoteGlobalIDString = 8DC2EF5B0486A6940098B216;
			remoteInfo = Sparkle;
		};
		FCBA46C41A62D64C00BA8D58 /* PBXContainerItemProxy */ = {
			isa = PBXContainerItemProxy;
			containerPortal = FCBA46B71A62D64C00BA8D58 /* Sparkle.xcodeproj */;
			proxyType = 2;
			remoteGlobalIDString = 61B5F90209C4CEE200B25A18;
			remoteInfo = "Sparkle Test App";
		};
		FCBA46C61A62D64C00BA8D58 /* PBXContainerItemProxy */ = {
			isa = PBXContainerItemProxy;
			containerPortal = FCBA46B71A62D64C00BA8D58 /* Sparkle.xcodeproj */;
			proxyType = 2;
			remoteGlobalIDString = 612279D90DB5470200AB99EA;
			remoteInfo = "Sparkle Unit Tests";
		};
		FCBA46C81A62D64C00BA8D58 /* PBXContainerItemProxy */ = {
			isa = PBXContainerItemProxy;
			containerPortal = FCBA46B71A62D64C00BA8D58 /* Sparkle.xcodeproj */;
			proxyType = 2;
			remoteGlobalIDString = 5D06E8D00FD68C7C005AE3F6;
			remoteInfo = BinaryDelta;
		};
		FCBA46CA1A62D64C00BA8D58 /* PBXContainerItemProxy */ = {
			isa = PBXContainerItemProxy;
			containerPortal = FCBA46B71A62D64C00BA8D58 /* Sparkle.xcodeproj */;
			proxyType = 2;
			remoteGlobalIDString = 55C14BB7136EEF1500649790;
			remoteInfo = Autoupdate;
		};
		FCD6C9871A2D7A6F007D5D8E /* PBXContainerItemProxy */ = {
			isa = PBXContainerItemProxy;
			containerPortal = FCD6C96E1A2D7A6F007D5D8E /* Project object */;
			proxyType = 1;
			remoteGlobalIDString = FCD6C9751A2D7A6F007D5D8E;
			remoteInfo = "SHS App";
		};
/* End PBXContainerItemProxy section */

/* Begin PBXFileReference section */
		FC8B42DD1A2FC4620046214D /* HacScrape.swift */ = {isa = PBXFileReference; fileEncoding = 4; lastKnownFileType = sourcecode.swift; path = HacScrape.swift; sourceTree = "<group>"; };
		FCBA46B71A62D64C00BA8D58 /* Sparkle.xcodeproj */ = {isa = PBXFileReference; lastKnownFileType = "wrapper.pb-project"; name = Sparkle.xcodeproj; path = Sparkle/Sparkle.xcodeproj; sourceTree = "<group>"; };
		FCBA46D21A62D78C00BA8D58 /* dsa_pub.pem */ = {isa = PBXFileReference; fileEncoding = 4; lastKnownFileType = text; path = dsa_pub.pem; sourceTree = "<group>"; };
		FCD6C9761A2D7A6F007D5D8E /* SHS App.app */ = {isa = PBXFileReference; explicitFileType = wrapper.application; includeInIndex = 0; path = "SHS App.app"; sourceTree = BUILT_PRODUCTS_DIR; };
		FCD6C97A1A2D7A6F007D5D8E /* Info.plist */ = {isa = PBXFileReference; lastKnownFileType = text.plist.xml; path = Info.plist; sourceTree = "<group>"; };
		FCD6C97B1A2D7A6F007D5D8E /* AppDelegate.swift */ = {isa = PBXFileReference; lastKnownFileType = sourcecode.swift; path = AppDelegate.swift; sourceTree = "<group>"; };
		FCD6C97D1A2D7A6F007D5D8E /* Images.xcassets */ = {isa = PBXFileReference; lastKnownFileType = folder.assetcatalog; path = Images.xcassets; sourceTree = "<group>"; };
		FCD6C9801A2D7A6F007D5D8E /* Base */ = {isa = PBXFileReference; lastKnownFileType = file.xib; name = Base; path = Base.lproj/MainMenu.xib; sourceTree = "<group>"; };
		FCD6C9861A2D7A6F007D5D8E /* SHS AppTests.xctest */ = {isa = PBXFileReference; explicitFileType = wrapper.cfbundle; includeInIndex = 0; path = "SHS AppTests.xctest"; sourceTree = BUILT_PRODUCTS_DIR; };
		FCD6C98B1A2D7A6F007D5D8E /* Info.plist */ = {isa = PBXFileReference; lastKnownFileType = text.plist.xml; path = Info.plist; sourceTree = "<group>"; };
		FCD6C98C1A2D7A6F007D5D8E /* SHS_AppTests.swift */ = {isa = PBXFileReference; lastKnownFileType = sourcecode.swift; path = SHS_AppTests.swift; sourceTree = "<group>"; };
		FCFCD8E71A32A0E200413E30 /* SHS App-Bridging-Header.h */ = {isa = PBXFileReference; lastKnownFileType = sourcecode.c.h; path = "SHS App-Bridging-Header.h"; sourceTree = "<group>"; };
		FCFCD8E81A32A0E300413E30 /* TFHpple.h */ = {isa = PBXFileReference; fileEncoding = 4; lastKnownFileType = sourcecode.c.h; path = TFHpple.h; sourceTree = "<group>"; };
		FCFCD8E91A32A0E300413E30 /* TFHpple.m */ = {isa = PBXFileReference; fileEncoding = 4; lastKnownFileType = sourcecode.c.objc; path = TFHpple.m; sourceTree = "<group>"; };
		FCFCD8EA1A32A0E300413E30 /* TFHppleElement.h */ = {isa = PBXFileReference; fileEncoding = 4; lastKnownFileType = sourcecode.c.h; path = TFHppleElement.h; sourceTree = "<group>"; };
		FCFCD8EB1A32A0E300413E30 /* TFHppleElement.m */ = {isa = PBXFileReference; fileEncoding = 4; lastKnownFileType = sourcecode.c.objc; path = TFHppleElement.m; sourceTree = "<group>"; };
		FCFCD8EC1A32A0E300413E30 /* XPathQuery.h */ = {isa = PBXFileReference; fileEncoding = 4; lastKnownFileType = sourcecode.c.h; path = XPathQuery.h; sourceTree = "<group>"; };
		FCFCD8ED1A32A0E300413E30 /* XPathQuery.m */ = {isa = PBXFileReference; fileEncoding = 4; lastKnownFileType = sourcecode.c.objc; path = XPathQuery.m; sourceTree = "<group>"; };
		FCFCD8F11A32E2A400413E30 /* libxml2.dylib */ = {isa = PBXFileReference; lastKnownFileType = "compiled.mach-o.dylib"; name = libxml2.dylib; path = usr/lib/libxml2.dylib; sourceTree = SDKROOT; };
/* End PBXFileReference section */

/* Begin PBXFrameworksBuildPhase section */
		FCD6C9731A2D7A6F007D5D8E /* Frameworks */ = {
			isa = PBXFrameworksBuildPhase;
			buildActionMask = 2147483647;
			files = (
				FCBA46CC1A62D66500BA8D58 /* Sparkle.framework in Frameworks */,
				FCFCD8F21A32E2A400413E30 /* libxml2.dylib in Frameworks */,
			);
			runOnlyForDeploymentPostprocessing = 0;
		};
		FCD6C9831A2D7A6F007D5D8E /* Frameworks */ = {
			isa = PBXFrameworksBuildPhase;
			buildActionMask = 2147483647;
			files = (
			);
			runOnlyForDeploymentPostprocessing = 0;
		};
/* End PBXFrameworksBuildPhase section */

/* Begin PBXGroup section */
		FC8B42DF1A30E1A50046214D /* hpple */ = {
			isa = PBXGroup;
			children = (
				FCFCD8E81A32A0E300413E30 /* TFHpple.h */,
				FCFCD8E91A32A0E300413E30 /* TFHpple.m */,
				FCFCD8EA1A32A0E300413E30 /* TFHppleElement.h */,
				FCFCD8EB1A32A0E300413E30 /* TFHppleElement.m */,
				FCFCD8EC1A32A0E300413E30 /* XPathQuery.h */,
				FCFCD8ED1A32A0E300413E30 /* XPathQuery.m */,
				FCFCD8E71A32A0E200413E30 /* SHS App-Bridging-Header.h */,
			);
			name = hpple;
			sourceTree = "<group>";
		};
		FCBA46B81A62D64C00BA8D58 /* Products */ = {
			isa = PBXGroup;
			children = (
				FCBA46C31A62D64C00BA8D58 /* Sparkle.framework */,
				FCBA46C51A62D64C00BA8D58 /* Sparkle Test App.app */,
				FCBA46C71A62D64C00BA8D58 /* Sparkle Unit Tests.xctest */,
				FCBA46C91A62D64C00BA8D58 /* BinaryDelta */,
				FCBA46CB1A62D64C00BA8D58 /* Autoupdate.app */,
			);
			name = Products;
			sourceTree = "<group>";
		};
		FCBA46CD1A62D6F000BA8D58 /* Resources */ = {
			isa = PBXGroup;
			children = (
				FCBA46D21A62D78C00BA8D58 /* dsa_pub.pem */,
			);
			name = Resources;
			sourceTree = "<group>";
		};
		FCD6C96D1A2D7A6F007D5D8E = {
			isa = PBXGroup;
			children = (
				FCBA46CD1A62D6F000BA8D58 /* Resources */,
				FCBA46B71A62D64C00BA8D58 /* Sparkle.xcodeproj */,
				FCFCD8F11A32E2A400413E30 /* libxml2.dylib */,
				FCD6C9781A2D7A6F007D5D8E /* SHS App */,
				FCD6C9891A2D7A6F007D5D8E /* SHS AppTests */,
				FCD6C9771A2D7A6F007D5D8E /* Products */,
			);
			sourceTree = "<group>";
		};
		FCD6C9771A2D7A6F007D5D8E /* Products */ = {
			isa = PBXGroup;
			children = (
				FCD6C9761A2D7A6F007D5D8E /* SHS App.app */,
				FCD6C9861A2D7A6F007D5D8E /* SHS AppTests.xctest */,
			);
			name = Products;
			sourceTree = "<group>";
		};
		FCD6C9781A2D7A6F007D5D8E /* SHS App */ = {
			isa = PBXGroup;
			children = (
				FC8B42DF1A30E1A50046214D /* hpple */,
				FCD6C97B1A2D7A6F007D5D8E /* AppDelegate.swift */,
				FC8B42DD1A2FC4620046214D /* HacScrape.swift */,
				FCD6C97D1A2D7A6F007D5D8E /* Images.xcassets */,
				FCD6C97F1A2D7A6F007D5D8E /* MainMenu.xib */,
				FCD6C9791A2D7A6F007D5D8E /* Supporting Files */,
			);
			path = "SHS App";
			sourceTree = "<group>";
		};
		FCD6C9791A2D7A6F007D5D8E /* Supporting Files */ = {
			isa = PBXGroup;
			children = (
				FCD6C97A1A2D7A6F007D5D8E /* Info.plist */,
			);
			name = "Supporting Files";
			sourceTree = "<group>";
		};
		FCD6C9891A2D7A6F007D5D8E /* SHS AppTests */ = {
			isa = PBXGroup;
			children = (
				FCD6C98C1A2D7A6F007D5D8E /* SHS_AppTests.swift */,
				FCD6C98A1A2D7A6F007D5D8E /* Supporting Files */,
			);
			path = "SHS AppTests";
			sourceTree = "<group>";
		};
		FCD6C98A1A2D7A6F007D5D8E /* Supporting Files */ = {
			isa = PBXGroup;
			children = (
				FCD6C98B1A2D7A6F007D5D8E /* Info.plist */,
			);
			name = "Supporting Files";
			sourceTree = "<group>";
		};
/* End PBXGroup section */

/* Begin PBXNativeTarget section */
		FCD6C9751A2D7A6F007D5D8E /* SHS App */ = {
			isa = PBXNativeTarget;
			buildConfigurationList = FCD6C9901A2D7A6F007D5D8E /* Build configuration list for PBXNativeTarget "SHS App" */;
			buildPhases = (
				FCD6C9721A2D7A6F007D5D8E /* Sources */,
				FCD6C9731A2D7A6F007D5D8E /* Frameworks */,
				FCD6C9741A2D7A6F007D5D8E /* Resources */,
			);
			buildRules = (
			);
			dependencies = (
			);
			name = "SHS App";
			productName = "SHS App";
			productReference = FCD6C9761A2D7A6F007D5D8E /* SHS App.app */;
			productType = "com.apple.product-type.application";
		};
		FCD6C9851A2D7A6F007D5D8E /* SHS AppTests */ = {
			isa = PBXNativeTarget;
			buildConfigurationList = FCD6C9931A2D7A6F007D5D8E /* Build configuration list for PBXNativeTarget "SHS AppTests" */;
			buildPhases = (
				FCD6C9821A2D7A6F007D5D8E /* Sources */,
				FCD6C9831A2D7A6F007D5D8E /* Frameworks */,
				FCD6C9841A2D7A6F007D5D8E /* Resources */,
			);
			buildRules = (
			);
			dependencies = (
				FCD6C9881A2D7A6F007D5D8E /* PBXTargetDependency */,
			);
			name = "SHS AppTests";
			productName = "SHS AppTests";
			productReference = FCD6C9861A2D7A6F007D5D8E /* SHS AppTests.xctest */;
			productType = "com.apple.product-type.bundle.unit-test";
		};
/* End PBXNativeTarget section */

/* Begin PBXProject section */
		FCD6C96E1A2D7A6F007D5D8E /* Project object */ = {
			isa = PBXProject;
			attributes = {
				LastUpgradeCheck = 0610;
				ORGANIZATIONNAME = Dylan;
				TargetAttributes = {
					FCD6C9751A2D7A6F007D5D8E = {
						CreatedOnToolsVersion = 6.1;
					};
					FCD6C9851A2D7A6F007D5D8E = {
						CreatedOnToolsVersion = 6.1;
						TestTargetID = FCD6C9751A2D7A6F007D5D8E;
					};
				};
			};
			buildConfigurationList = FCD6C9711A2D7A6F007D5D8E /* Build configuration list for PBXProject "SHS App" */;
			compatibilityVersion = "Xcode 3.2";
			developmentRegion = English;
			hasScannedForEncodings = 0;
			knownRegions = (
				en,
				Base,
			);
			mainGroup = FCD6C96D1A2D7A6F007D5D8E;
			productRefGroup = FCD6C9771A2D7A6F007D5D8E /* Products */;
			projectDirPath = "";
			projectReferences = (
				{
					ProductGroup = FCBA46B81A62D64C00BA8D58 /* Products */;
					ProjectRef = FCBA46B71A62D64C00BA8D58 /* Sparkle.xcodeproj */;
				},
			);
			projectRoot = "";
			targets = (
				FCD6C9751A2D7A6F007D5D8E /* SHS App */,
				FCD6C9851A2D7A6F007D5D8E /* SHS AppTests */,
			);
		};
/* End PBXProject section */

/* Begin PBXReferenceProxy section */
		FCBA46C31A62D64C00BA8D58 /* Sparkle.framework */ = {
			isa = PBXReferenceProxy;
			fileType = wrapper.framework;
			path = Sparkle.framework;
			remoteRef = FCBA46C21A62D64C00BA8D58 /* PBXContainerItemProxy */;
			sourceTree = BUILT_PRODUCTS_DIR;
		};
		FCBA46C51A62D64C00BA8D58 /* Sparkle Test App.app */ = {
			isa = PBXReferenceProxy;
			fileType = wrapper.application;
			path = "Sparkle Test App.app";
			remoteRef = FCBA46C41A62D64C00BA8D58 /* PBXContainerItemProxy */;
			sourceTree = BUILT_PRODUCTS_DIR;
		};
		FCBA46C71A62D64C00BA8D58 /* Sparkle Unit Tests.xctest */ = {
			isa = PBXReferenceProxy;
			fileType = wrapper.cfbundle;
			path = "Sparkle Unit Tests.xctest";
			remoteRef = FCBA46C61A62D64C00BA8D58 /* PBXContainerItemProxy */;
			sourceTree = BUILT_PRODUCTS_DIR;
		};
		FCBA46C91A62D64C00BA8D58 /* BinaryDelta */ = {
			isa = PBXReferenceProxy;
			fileType = "compiled.mach-o.executable";
			path = BinaryDelta;
			remoteRef = FCBA46C81A62D64C00BA8D58 /* PBXContainerItemProxy */;
			sourceTree = BUILT_PRODUCTS_DIR;
		};
		FCBA46CB1A62D64C00BA8D58 /* Autoupdate.app */ = {
			isa = PBXReferenceProxy;
			fileType = wrapper.application;
			path = Autoupdate.app;
			remoteRef = FCBA46CA1A62D64C00BA8D58 /* PBXContainerItemProxy */;
			sourceTree = BUILT_PRODUCTS_DIR;
		};
/* End PBXReferenceProxy section */

/* Begin PBXResourcesBuildPhase section */
		FCD6C9741A2D7A6F007D5D8E /* Resources */ = {
			isa = PBXResourcesBuildPhase;
			buildActionMask = 2147483647;
			files = (
				FCD6C97E1A2D7A6F007D5D8E /* Images.xcassets in Resources */,
				FCBA46D31A62D78C00BA8D58 /* dsa_pub.pem in Resources */,
				FCD6C9811A2D7A6F007D5D8E /* MainMenu.xib in Resources */,
			);
			runOnlyForDeploymentPostprocessing = 0;
		};
		FCD6C9841A2D7A6F007D5D8E /* Resources */ = {
			isa = PBXResourcesBuildPhase;
			buildActionMask = 2147483647;
			files = (
			);
			runOnlyForDeploymentPostprocessing = 0;
		};
/* End PBXResourcesBuildPhase section */

/* Begin PBXSourcesBuildPhase section */
		FCD6C9721A2D7A6F007D5D8E /* Sources */ = {
			isa = PBXSourcesBuildPhase;
			buildActionMask = 2147483647;
			files = (
				FCFCD8EF1A32A0E300413E30 /* TFHppleElement.m in Sources */,
				FC8B42DE1A2FC4620046214D /* HacScrape.swift in Sources */,
				FCFCD8F01A32A0E300413E30 /* XPathQuery.m in Sources */,
				FCFCD8EE1A32A0E300413E30 /* TFHpple.m in Sources */,
				FCD6C97C1A2D7A6F007D5D8E /* AppDelegate.swift in Sources */,
			);
			runOnlyForDeploymentPostprocessing = 0;
		};
		FCD6C9821A2D7A6F007D5D8E /* Sources */ = {
			isa = PBXSourcesBuildPhase;
			buildActionMask = 2147483647;
			files = (
				FCD6C98D1A2D7A6F007D5D8E /* SHS_AppTests.swift in Sources */,
			);
			runOnlyForDeploymentPostprocessing = 0;
		};
/* End PBXSourcesBuildPhase section */

/* Begin PBXTargetDependency section */
		FCD6C9881A2D7A6F007D5D8E /* PBXTargetDependency */ = {
			isa = PBXTargetDependency;
			target = FCD6C9751A2D7A6F007D5D8E /* SHS App */;
			targetProxy = FCD6C9871A2D7A6F007D5D8E /* PBXContainerItemProxy */;
		};
/* End PBXTargetDependency section */

/* Begin PBXVariantGroup section */
		FCD6C97F1A2D7A6F007D5D8E /* MainMenu.xib */ = {
			isa = PBXVariantGroup;
			children = (
				FCD6C9801A2D7A6F007D5D8E /* Base */,
			);
			name = MainMenu.xib;
			sourceTree = "<group>";
		};
/* End PBXVariantGroup section */

/* Begin XCBuildConfiguration section */
		FCD6C98E1A2D7A6F007D5D8E /* Debug */ = {
			isa = XCBuildConfiguration;
			buildSettings = {
				ALWAYS_SEARCH_USER_PATHS = NO;
				CLANG_CXX_LANGUAGE_STANDARD = "gnu++0x";
				CLANG_CXX_LIBRARY = "libc++";
				CLANG_ENABLE_MODULES = YES;
				CLANG_ENABLE_OBJC_ARC = YES;
				CLANG_WARN_BOOL_CONVERSION = YES;
				CLANG_WARN_CONSTANT_CONVERSION = YES;
				CLANG_WARN_DIRECT_OBJC_ISA_USAGE = YES_ERROR;
				CLANG_WARN_EMPTY_BODY = YES;
				CLANG_WARN_ENUM_CONVERSION = YES;
				CLANG_WARN_INT_CONVERSION = YES;
				CLANG_WARN_OBJC_ROOT_CLASS = YES_ERROR;
				CLANG_WARN_UNREACHABLE_CODE = YES;
				CLANG_WARN__DUPLICATE_METHOD_MATCH = YES;
				CODE_SIGN_IDENTITY = "-";
				COPY_PHASE_STRIP = NO;
				ENABLE_STRICT_OBJC_MSGSEND = YES;
				GCC_C_LANGUAGE_STANDARD = gnu99;
				GCC_DYNAMIC_NO_PIC = NO;
				GCC_OPTIMIZATION_LEVEL = 0;
				GCC_PREPROCESSOR_DEFINITIONS = (
					"DEBUG=1",
					"$(inherited)",
				);
				GCC_SYMBOLS_PRIVATE_EXTERN = NO;
				GCC_WARN_64_TO_32_BIT_CONVERSION = YES;
				GCC_WARN_ABOUT_RETURN_TYPE = YES_ERROR;
				GCC_WARN_UNDECLARED_SELECTOR = YES;
				GCC_WARN_UNINITIALIZED_AUTOS = YES_AGGRESSIVE;
				GCC_WARN_UNUSED_FUNCTION = YES;
				GCC_WARN_UNUSED_VARIABLE = YES;
				MACOSX_DEPLOYMENT_TARGET = 10.10;
				MTL_ENABLE_DEBUG_INFO = YES;
				ONLY_ACTIVE_ARCH = YES;
				SDKROOT = macosx;
				SWIFT_OPTIMIZATION_LEVEL = "-Onone";
			};
			name = Debug;
		};
		FCD6C98F1A2D7A6F007D5D8E /* Release */ = {
			isa = XCBuildConfiguration;
			buildSettings = {
				ALWAYS_SEARCH_USER_PATHS = NO;
				CLANG_CXX_LANGUAGE_STANDARD = "gnu++0x";
				CLANG_CXX_LIBRARY = "libc++";
				CLANG_ENABLE_MODULES = YES;
				CLANG_ENABLE_OBJC_ARC = YES;
				CLANG_WARN_BOOL_CONVERSION = YES;
				CLANG_WARN_CONSTANT_CONVERSION = YES;
				CLANG_WARN_DIRECT_OBJC_ISA_USAGE = YES_ERROR;
				CLANG_WARN_EMPTY_BODY = YES;
				CLANG_WARN_ENUM_CONVERSION = YES;
				CLANG_WARN_INT_CONVERSION = YES;
				CLANG_WARN_OBJC_ROOT_CLASS = YES_ERROR;
				CLANG_WARN_UNREACHABLE_CODE = YES;
				CLANG_WARN__DUPLICATE_METHOD_MATCH = YES;
				CODE_SIGN_IDENTITY = "-";
				COPY_PHASE_STRIP = YES;
				DEBUG_INFORMATION_FORMAT = "dwarf-with-dsym";
				ENABLE_NS_ASSERTIONS = NO;
				ENABLE_STRICT_OBJC_MSGSEND = YES;
				GCC_C_LANGUAGE_STANDARD = gnu99;
				GCC_WARN_64_TO_32_BIT_CONVERSION = YES;
				GCC_WARN_ABOUT_RETURN_TYPE = YES_ERROR;
				GCC_WARN_UNDECLARED_SELECTOR = YES;
				GCC_WARN_UNINITIALIZED_AUTOS = YES_AGGRESSIVE;
				GCC_WARN_UNUSED_FUNCTION = YES;
				GCC_WARN_UNUSED_VARIABLE = YES;
				MACOSX_DEPLOYMENT_TARGET = 10.10;
				MTL_ENABLE_DEBUG_INFO = NO;
				SDKROOT = macosx;
			};
			name = Release;
		};
		FCD6C9911A2D7A6F007D5D8E /* Debug */ = {
			isa = XCBuildConfiguration;
			buildSettings = {
				ALWAYS_SEARCH_USER_PATHS = NO;
				ASSETCATALOG_COMPILER_APPICON_NAME = AppIcon;
				CLANG_ENABLE_MODULES = YES;
				COMBINE_HIDPI_IMAGES = YES;
				HEADER_SEARCH_PATHS = (
					"$(inherited)",
					/Applications/Xcode.app/Contents/Developer/Toolchains/XcodeDefault.xctoolchain/usr/include,
					"$(SDKROOT)/usr/include/libxml2",
				);
				INFOPLIST_FILE = "SHS App/Info.plist";
				LD_RUNPATH_SEARCH_PATHS = "$(inherited) @executable_path/../Frameworks";
				PRODUCT_NAME = "$(TARGET_NAME)";
				SWIFT_OBJC_BRIDGING_HEADER = "SHS App/SHS App-Bridging-Header.h";
				SWIFT_OPTIMIZATION_LEVEL = "-Onone";
			};
			name = Debug;
		};
		FCD6C9921A2D7A6F007D5D8E /* Release */ = {
			isa = XCBuildConfiguration;
			buildSettings = {
				ALWAYS_SEARCH_USER_PATHS = NO;
				ASSETCATALOG_COMPILER_APPICON_NAME = AppIcon;
				CLANG_ENABLE_MODULES = YES;
				COMBINE_HIDPI_IMAGES = YES;
				HEADER_SEARCH_PATHS = (
					"$(inherited)",
					/Applications/Xcode.app/Contents/Developer/Toolchains/XcodeDefault.xctoolchain/usr/include,
					"$(SDKROOT)/usr/include/libxml2",
				);
				INFOPLIST_FILE = "SHS App/Info.plist";
				LD_RUNPATH_SEARCH_PATHS = "$(inherited) @executable_path/../Frameworks";
				PRODUCT_NAME = "$(TARGET_NAME)";
				SWIFT_OBJC_BRIDGING_HEADER = "SHS App/SHS App-Bridging-Header.h";
			};
			name = Release;
		};
		FCD6C9941A2D7A6F007D5D8E /* Debug */ = {
			isa = XCBuildConfiguration;
			buildSettings = {
				BUNDLE_LOADER = "$(TEST_HOST)";
				COMBINE_HIDPI_IMAGES = YES;
				FRAMEWORK_SEARCH_PATHS = (
					"$(DEVELOPER_FRAMEWORKS_DIR)",
					"$(inherited)",
				);
				GCC_PREPROCESSOR_DEFINITIONS = (
					"DEBUG=1",
					"$(inherited)",
				);
				INFOPLIST_FILE = "SHS AppTests/Info.plist";
				LD_RUNPATH_SEARCH_PATHS = "$(inherited) @executable_path/../Frameworks @loader_path/../Frameworks";
				PRODUCT_NAME = "$(TARGET_NAME)";
				TEST_HOST = "$(BUILT_PRODUCTS_DIR)/SHS App.app/Contents/MacOS/SHS App";
			};
			name = Debug;
		};
		FCD6C9951A2D7A6F007D5D8E /* Release */ = {
			isa = XCBuildConfiguration;
			buildSettings = {
				BUNDLE_LOADER = "$(TEST_HOST)";
				COMBINE_HIDPI_IMAGES = YES;
				FRAMEWORK_SEARCH_PATHS = (
					"$(DEVELOPER_FRAMEWORKS_DIR)",
					"$(inherited)",
				);
				INFOPLIST_FILE = "SHS AppTests/Info.plist";
				LD_RUNPATH_SEARCH_PATHS = "$(inherited) @executable_path/../Frameworks @loader_path/../Frameworks";
				PRODUCT_NAME = "$(TARGET_NAME)";
				TEST_HOST = "$(BUILT_PRODUCTS_DIR)/SHS App.app/Contents/MacOS/SHS App";
			};
			name = Release;
		};
/* End XCBuildConfiguration section */

/* Begin XCConfigurationList section */
		FCD6C9711A2D7A6F007D5D8E /* Build configuration list for PBXProject "SHS App" */ = {
			isa = XCConfigurationList;
			buildConfigurations = (
				FCD6C98E1A2D7A6F007D5D8E /* Debug */,
				FCD6C98F1A2D7A6F007D5D8E /* Release */,
			);
			defaultConfigurationIsVisible = 0;
			defaultConfigurationName = Release;
		};
		FCD6C9901A2D7A6F007D5D8E /* Build configuration list for PBXNativeTarget "SHS App" */ = {
			isa = XCConfigurationList;
			buildConfigurations = (
				FCD6C9911A2D7A6F007D5D8E /* Debug */,
				FCD6C9921A2D7A6F007D5D8E /* Release */,
			);
			defaultConfigurationIsVisible = 0;
			defaultConfigurationName = Release;
		};
		FCD6C9931A2D7A6F007D5D8E /* Build configuration list for PBXNativeTarget "SHS AppTests" */ = {
			isa = XCConfigurationList;
			buildConfigurations = (
				FCD6C9941A2D7A6F007D5D8E /* Debug */,
				FCD6C9951A2D7A6F007D5D8E /* Release */,
			);
			defaultConfigurationIsVisible = 0;
			defaultConfigurationName = Release;
		};
/* End XCConfigurationList section */
	};
	rootObject = FCD6C96E1A2D7A6F007D5D8E /* Project object */;
}
